// !$*UTF8*$!
{
	archiveVersion = 1;
	classes = {
	};
	objectVersion = 46;
	objects = {

/* Begin PBXBuildFile section */
		95DB772918BA7B9B009B4664 /* Foundation.framework in Frameworks */ = {isa = PBXBuildFile; fileRef = 95DB772818BA7B9B009B4664 /* Foundation.framework */; };
		95DB772B18BA7B9B009B4664 /* CoreGraphics.framework in Frameworks */ = {isa = PBXBuildFile; fileRef = 95DB772A18BA7B9B009B4664 /* CoreGraphics.framework */; };
		95DB772D18BA7B9B009B4664 /* UIKit.framework in Frameworks */ = {isa = PBXBuildFile; fileRef = 95DB772C18BA7B9B009B4664 /* UIKit.framework */; };
		95DB772F18BA7B9B009B4664 /* SpriteKit.framework in Frameworks */ = {isa = PBXBuildFile; fileRef = 95DB772E18BA7B9B009B4664 /* SpriteKit.framework */; };
		95DB773518BA7B9B009B4664 /* InfoPlist.strings in Resources */ = {isa = PBXBuildFile; fileRef = 95DB773318BA7B9B009B4664 /* InfoPlist.strings */; };
		95DB773718BA7B9B009B4664 /* main.m in Sources */ = {isa = PBXBuildFile; fileRef = 95DB773618BA7B9B009B4664 /* main.m */; };
		95DB773B18BA7B9B009B4664 /* AppDelegate.m in Sources */ = {isa = PBXBuildFile; fileRef = 95DB773A18BA7B9B009B4664 /* AppDelegate.m */; };
		95DB773E18BA7B9B009B4664 /* Main.storyboard in Resources */ = {isa = PBXBuildFile; fileRef = 95DB773C18BA7B9B009B4664 /* Main.storyboard */; };
		95DB774118BA7B9B009B4664 /* ViewController.m in Sources */ = {isa = PBXBuildFile; fileRef = 95DB774018BA7B9B009B4664 /* ViewController.m */; };
		95DB774418BA7B9B009B4664 /* MyScene.m in Sources */ = {isa = PBXBuildFile; fileRef = 95DB774318BA7B9B009B4664 /* MyScene.m */; };
		95DB774618BA7B9B009B4664 /* Spaceship.png in Resources */ = {isa = PBXBuildFile; fileRef = 95DB774518BA7B9B009B4664 /* Spaceship.png */; };
		95DB774818BA7B9B009B4664 /* Images.xcassets in Resources */ = {isa = PBXBuildFile; fileRef = 95DB774718BA7B9B009B4664 /* Images.xcassets */; };
		95DB774F18BA7B9B009B4664 /* XCTest.framework in Frameworks */ = {isa = PBXBuildFile; fileRef = 95DB774E18BA7B9B009B4664 /* XCTest.framework */; };
		95DB775018BA7B9B009B4664 /* Foundation.framework in Frameworks */ = {isa = PBXBuildFile; fileRef = 95DB772818BA7B9B009B4664 /* Foundation.framework */; };
		95DB775118BA7B9B009B4664 /* UIKit.framework in Frameworks */ = {isa = PBXBuildFile; fileRef = 95DB772C18BA7B9B009B4664 /* UIKit.framework */; };
		95DB775918BA7B9B009B4664 /* InfoPlist.strings in Resources */ = {isa = PBXBuildFile; fileRef = 95DB775718BA7B9B009B4664 /* InfoPlist.strings */; };
		95DB775B18BA7B9B009B4664 /* dragonTests.m in Sources */ = {isa = PBXBuildFile; fileRef = 95DB775A18BA7B9B009B4664 /* dragonTests.m */; };
/* End PBXBuildFile section */

/* Begin PBXContainerItemProxy section */
		95DB775218BA7B9B009B4664 /* PBXContainerItemProxy */ = {
			isa = PBXContainerItemProxy;
			containerPortal = 95DB771D18BA7B9B009B4664 /* Project object */;
			proxyType = 1;
			remoteGlobalIDString = 95DB772418BA7B9B009B4664;
			remoteInfo = dragon;
		};
/* End PBXContainerItemProxy section */

/* Begin PBXFileReference section */
		95DB772518BA7B9B009B4664 /* dragon.app */ = {isa = PBXFileReference; explicitFileType = wrapper.application; includeInIndex = 0; path = dragon.app; sourceTree = BUILT_PRODUCTS_DIR; };
		95DB772818BA7B9B009B4664 /* Foundation.framework */ = {isa = PBXFileReference; lastKnownFileType = wrapper.framework; name = Foundation.framework; path = System/Library/Frameworks/Foundation.framework; sourceTree = SDKROOT; };
		95DB772A18BA7B9B009B4664 /* CoreGraphics.framework */ = {isa = PBXFileReference; lastKnownFileType = wrapper.framework; name = CoreGraphics.framework; path = System/Library/Frameworks/CoreGraphics.framework; sourceTree = SDKROOT; };
		95DB772C18BA7B9B009B4664 /* UIKit.framework */ = {isa = PBXFileReference; lastKnownFileType = wrapper.framework; name = UIKit.framework; path = System/Library/Frameworks/UIKit.framework; sourceTree = SDKROOT; };
		95DB772E18BA7B9B009B4664 /* SpriteKit.framework */ = {isa = PBXFileReference; lastKnownFileType = wrapper.framework; name = SpriteKit.framework; path = System/Library/Frameworks/SpriteKit.framework; sourceTree = SDKROOT; };
		95DB773218BA7B9B009B4664 /* dragon-Info.plist */ = {isa = PBXFileReference; lastKnownFileType = text.plist.xml; path = "dragon-Info.plist"; sourceTree = "<group>"; };
		95DB773418BA7B9B009B4664 /* en */ = {isa = PBXFileReference; lastKnownFileType = text.plist.strings; name = en; path = en.lproj/InfoPlist.strings; sourceTree = "<group>"; };
		95DB773618BA7B9B009B4664 /* main.m */ = {isa = PBXFileReference; lastKnownFileType = sourcecode.c.objc; path = main.m; sourceTree = "<group>"; };
		95DB773818BA7B9B009B4664 /* dragon-Prefix.pch */ = {isa = PBXFileReference; lastKnownFileType = sourcecode.c.h; path = "dragon-Prefix.pch"; sourceTree = "<group>"; };
		95DB773918BA7B9B009B4664 /* AppDelegate.h */ = {isa = PBXFileReference; lastKnownFileType = sourcecode.c.h; path = AppDelegate.h; sourceTree = "<group>"; };
		95DB773A18BA7B9B009B4664 /* AppDelegate.m */ = {isa = PBXFileReference; lastKnownFileType = sourcecode.c.objc; path = AppDelegate.m; sourceTree = "<group>"; };
		95DB773D18BA7B9B009B4664 /* Base */ = {isa = PBXFileReference; lastKnownFileType = file.storyboard; name = Base; path = Base.lproj/Main.storyboard; sourceTree = "<group>"; };
		95DB773F18BA7B9B009B4664 /* ViewController.h */ = {isa = PBXFileReference; lastKnownFileType = sourcecode.c.h; path = ViewController.h; sourceTree = "<group>"; };
		95DB774018BA7B9B009B4664 /* ViewController.m */ = {isa = PBXFileReference; lastKnownFileType = sourcecode.c.objc; path = ViewController.m; sourceTree = "<group>"; };
		95DB774218BA7B9B009B4664 /* MyScene.h */ = {isa = PBXFileReference; lastKnownFileType = sourcecode.c.h; path = MyScene.h; sourceTree = "<group>"; };
		95DB774318BA7B9B009B4664 /* MyScene.m */ = {isa = PBXFileReference; lastKnownFileType = sourcecode.c.objc; path = MyScene.m; sourceTree = "<group>"; };
		95DB774518BA7B9B009B4664 /* Spaceship.png */ = {isa = PBXFileReference; lastKnownFileType = image.png; path = Spaceship.png; sourceTree = "<group>"; };
		95DB774718BA7B9B009B4664 /* Images.xcassets */ = {isa = PBXFileReference; lastKnownFileType = folder.assetcatalog; path = Images.xcassets; sourceTree = "<group>"; };
		95DB774D18BA7B9B009B4664 /* dragonTests.xctest */ = {isa = PBXFileReference; explicitFileType = wrapper.cfbundle; includeInIndex = 0; path = dragonTests.xctest; sourceTree = BUILT_PRODUCTS_DIR; };
		95DB774E18BA7B9B009B4664 /* XCTest.framework */ = {isa = PBXFileReference; lastKnownFileType = wrapper.framework; name = XCTest.framework; path = Library/Frameworks/XCTest.framework; sourceTree = DEVELOPER_DIR; };
		95DB775618BA7B9B009B4664 /* dragonTests-Info.plist */ = {isa = PBXFileReference; lastKnownFileType = text.plist.xml; path = "dragonTests-Info.plist"; sourceTree = "<group>"; };
		95DB775818BA7B9B009B4664 /* en */ = {isa = PBXFileReference; lastKnownFileType = text.plist.strings; name = en; path = en.lproj/InfoPlist.strings; sourceTree = "<group>"; };
		95DB775A18BA7B9B009B4664 /* dragonTests.m */ = {isa = PBXFileReference; lastKnownFileType = sourcecode.c.objc; path = dragonTests.m; sourceTree = "<group>"; };
/* End PBXFileReference section */

/* Begin PBXFrameworksBuildPhase section */
		95DB772218BA7B9B009B4664 /* Frameworks */ = {
			isa = PBXFrameworksBuildPhase;
			buildActionMask = 2147483647;
			files = (
				95DB772B18BA7B9B009B4664 /* CoreGraphics.framework in Frameworks */,
				95DB772D18BA7B9B009B4664 /* UIKit.framework in Frameworks */,
				95DB772F18BA7B9B009B4664 /* SpriteKit.framework in Frameworks */,
				95DB772918BA7B9B009B4664 /* Foundation.framework in Frameworks */,
			);
			runOnlyForDeploymentPostprocessing = 0;
		};
		95DB774A18BA7B9B009B4664 /* Frameworks */ = {
			isa = PBXFrameworksBuildPhase;
			buildActionMask = 2147483647;
			files = (
				95DB774F18BA7B9B009B4664 /* XCTest.framework in Frameworks */,
				95DB775118BA7B9B009B4664 /* UIKit.framework in Frameworks */,
				95DB775018BA7B9B009B4664 /* Foundation.framework in Frameworks */,
			);
			runOnlyForDeploymentPostprocessing = 0;
		};
/* End PBXFrameworksBuildPhase section */

/* Begin PBXGroup section */
		95DB771C18BA7B9B009B4664 = {
			isa = PBXGroup;
			children = (
				95DB773018BA7B9B009B4664 /* dragon */,
				95DB775418BA7B9B009B4664 /* dragonTests */,
				95DB772718BA7B9B009B4664 /* Frameworks */,
				95DB772618BA7B9B009B4664 /* Products */,
			);
			sourceTree = "<group>";
		};
		95DB772618BA7B9B009B4664 /* Products */ = {
			isa = PBXGroup;
			children = (
				95DB772518BA7B9B009B4664 /* dragon.app */,
				95DB774D18BA7B9B009B4664 /* dragonTests.xctest */,
			);
			name = Products;
			sourceTree = "<group>";
		};
		95DB772718BA7B9B009B4664 /* Frameworks */ = {
			isa = PBXGroup;
			children = (
				95DB772818BA7B9B009B4664 /* Foundation.framework */,
				95DB772A18BA7B9B009B4664 /* CoreGraphics.framework */,
				95DB772C18BA7B9B009B4664 /* UIKit.framework */,
				95DB772E18BA7B9B009B4664 /* SpriteKit.framework */,
				95DB774E18BA7B9B009B4664 /* XCTest.framework */,
			);
			name = Frameworks;
			sourceTree = "<group>";
		};
		95DB773018BA7B9B009B4664 /* dragon */ = {
			isa = PBXGroup;
			children = (
				95DB773918BA7B9B009B4664 /* AppDelegate.h */,
				95DB773A18BA7B9B009B4664 /* AppDelegate.m */,
				95DB773C18BA7B9B009B4664 /* Main.storyboard */,
				95DB773F18BA7B9B009B4664 /* ViewController.h */,
				95DB774018BA7B9B009B4664 /* ViewController.m */,
				95DB774218BA7B9B009B4664 /* MyScene.h */,
				95DB774318BA7B9B009B4664 /* MyScene.m */,
				95DB774518BA7B9B009B4664 /* Spaceship.png */,
				95DB774718BA7B9B009B4664 /* Images.xcassets */,
				95DB773118BA7B9B009B4664 /* Supporting Files */,
			);
			path = dragon;
			sourceTree = "<group>";
		};
		95DB773118BA7B9B009B4664 /* Supporting Files */ = {
			isa = PBXGroup;
			children = (
				95DB773218BA7B9B009B4664 /* dragon-Info.plist */,
				95DB773318BA7B9B009B4664 /* InfoPlist.strings */,
				95DB773618BA7B9B009B4664 /* main.m */,
				95DB773818BA7B9B009B4664 /* dragon-Prefix.pch */,
			);
			name = "Supporting Files";
			sourceTree = "<group>";
		};
		95DB775418BA7B9B009B4664 /* dragonTests */ = {
			isa = PBXGroup;
			children = (
				95DB775A18BA7B9B009B4664 /* dragonTests.m */,
				95DB775518BA7B9B009B4664 /* Supporting Files */,
			);
			path = dragonTests;
			sourceTree = "<group>";
		};
		95DB775518BA7B9B009B4664 /* Supporting Files */ = {
			isa = PBXGroup;
			children = (
				95DB775618BA7B9B009B4664 /* dragonTests-Info.plist */,
				95DB775718BA7B9B009B4664 /* InfoPlist.strings */,
			);
			name = "Supporting Files";
			sourceTree = "<group>";
		};
/* End PBXGroup section */

/* Begin PBXNativeTarget section */
		95DB772418BA7B9B009B4664 /* dragon */ = {
			isa = PBXNativeTarget;
			buildConfigurationList = 95DB775E18BA7B9B009B4664 /* Build configuration list for PBXNativeTarget "dragon" */;
			buildPhases = (
				95DB772118BA7B9B009B4664 /* Sources */,
				95DB772218BA7B9B009B4664 /* Frameworks */,
				95DB772318BA7B9B009B4664 /* Resources */,
			);
			buildRules = (
			);
			dependencies = (
			);
			name = dragon;
			productName = dragon;
			productReference = 95DB772518BA7B9B009B4664 /* dragon.app */;
			productType = "com.apple.product-type.application";
		};
		95DB774C18BA7B9B009B4664 /* dragonTests */ = {
			isa = PBXNativeTarget;
			buildConfigurationList = 95DB776118BA7B9B009B4664 /* Build configuration list for PBXNativeTarget "dragonTests" */;
			buildPhases = (
				95DB774918BA7B9B009B4664 /* Sources */,
				95DB774A18BA7B9B009B4664 /* Frameworks */,
				95DB774B18BA7B9B009B4664 /* Resources */,
			);
			buildRules = (
			);
			dependencies = (
				95DB775318BA7B9B009B4664 /* PBXTargetDependency */,
			);
			name = dragonTests;
			productName = dragonTests;
			productReference = 95DB774D18BA7B9B009B4664 /* dragonTests.xctest */;
			productType = "com.apple.product-type.bundle.unit-test";
		};
/* End PBXNativeTarget section */

/* Begin PBXProject section */
		95DB771D18BA7B9B009B4664 /* Project object */ = {
			isa = PBXProject;
			attributes = {
				LastUpgradeCheck = 0500;
				ORGANIZATIONNAME = "Xu Deng";
				TargetAttributes = {
					95DB774C18BA7B9B009B4664 = {
						TestTargetID = 95DB772418BA7B9B009B4664;
					};
				};
			};
			buildConfigurationList = 95DB772018BA7B9B009B4664 /* Build configuration list for PBXProject "dragon" */;
			compatibilityVersion = "Xcode 3.2";
			developmentRegion = English;
			hasScannedForEncodings = 0;
			knownRegions = (
				en,
				Base,
			);
			mainGroup = 95DB771C18BA7B9B009B4664;
			productRefGroup = 95DB772618BA7B9B009B4664 /* Products */;
			projectDirPath = "";
			projectRoot = "";
			targets = (
				95DB772418BA7B9B009B4664 /* dragon */,
				95DB774C18BA7B9B009B4664 /* dragonTests */,
			);
		};
/* End PBXProject section */

/* Begin PBXResourcesBuildPhase section */
		95DB772318BA7B9B009B4664 /* Resources */ = {
			isa = PBXResourcesBuildPhase;
			buildActionMask = 2147483647;
			files = (
				95DB773518BA7B9B009B4664 /* InfoPlist.strings in Resources */,
				95DB774818BA7B9B009B4664 /* Images.xcassets in Resources */,
				95DB774618BA7B9B009B4664 /* Spaceship.png in Resources */,
				95DB773E18BA7B9B009B4664 /* Main.storyboard in Resources */,
			);
			runOnlyForDeploymentPostprocessing = 0;
		};
		95DB774B18BA7B9B009B4664 /* Resources */ = {
			isa = PBXResourcesBuildPhase;
			buildActionMask = 2147483647;
			files = (
				95DB775918BA7B9B009B4664 /* InfoPlist.strings in Resources */,
			);
			runOnlyForDeploymentPostprocessing = 0;
		};
/* End PBXResourcesBuildPhase section */

/* Begin PBXSourcesBuildPhase section */
		95DB772118BA7B9B009B4664 /* Sources */ = {
			isa = PBXSourcesBuildPhase;
			buildActionMask = 2147483647;
			files = (
				95DB774418BA7B9B009B4664 /* MyScene.m in Sources */,
				95DB774118BA7B9B009B4664 /* ViewController.m in Sources */,
				95DB773B18BA7B9B009B4664 /* AppDelegate.m in Sources */,
				95DB773718BA7B9B009B4664 /* main.m in Sources */,
			);
			runOnlyForDeploymentPostprocessing = 0;
		};
		95DB774918BA7B9B009B4664 /* Sources */ = {
			isa = PBXSourcesBuildPhase;
			buildActionMask = 2147483647;
			files = (
				95DB775B18BA7B9B009B4664 /* dragonTests.m in Sources */,
			);
			runOnlyForDeploymentPostprocessing = 0;
		};
/* End PBXSourcesBuildPhase section */

/* Begin PBXTargetDependency section */
		95DB775318BA7B9B009B4664 /* PBXTargetDependency */ = {
			isa = PBXTargetDependency;
			target = 95DB772418BA7B9B009B4664 /* dragon */;
			targetProxy = 95DB775218BA7B9B009B4664 /* PBXContainerItemProxy */;
		};
/* End PBXTargetDependency section */

/* Begin PBXVariantGroup section */
		95DB773318BA7B9B009B4664 /* InfoPlist.strings */ = {
			isa = PBXVariantGroup;
			children = (
				95DB773418BA7B9B009B4664 /* en */,
			);
			name = InfoPlist.strings;
			sourceTree = "<group>";
		};
		95DB773C18BA7B9B009B4664 /* Main.storyboard */ = {
			isa = PBXVariantGroup;
			children = (
				95DB773D18BA7B9B009B4664 /* Base */,
			);
			name = Main.storyboard;
			sourceTree = "<group>";
		};
		95DB775718BA7B9B009B4664 /* InfoPlist.strings */ = {
			isa = PBXVariantGroup;
			children = (
				95DB775818BA7B9B009B4664 /* en */,
			);
			name = InfoPlist.strings;
			sourceTree = "<group>";
		};
/* End PBXVariantGroup section */

/* Begin XCBuildConfiguration section */
		95DB775C18BA7B9B009B4664 /* Debug */ = {
			isa = XCBuildConfiguration;
			buildSettings = {
				ALWAYS_SEARCH_USER_PATHS = NO;
				ARCHS = "$(ARCHS_STANDARD_INCLUDING_64_BIT)";
				CLANG_CXX_LANGUAGE_STANDARD = "gnu++0x";
				CLANG_CXX_LIBRARY = "libc++";
				CLANG_ENABLE_MODULES = YES;
				CLANG_ENABLE_OBJC_ARC = YES;
				CLANG_WARN_BOOL_CONVERSION = YES;
				CLANG_WARN_CONSTANT_CONVERSION = YES;
				CLANG_WARN_DIRECT_OBJC_ISA_USAGE = YES_ERROR;
				CLANG_WARN_EMPTY_BODY = YES;
				CLANG_WARN_ENUM_CONVERSION = YES;
				CLANG_WARN_INT_CONVERSION = YES;
				CLANG_WARN_OBJC_ROOT_CLASS = YES_ERROR;
				CLANG_WARN__DUPLICATE_METHOD_MATCH = YES;
				"CODE_SIGN_IDENTITY[sdk=iphoneos*]" = "iPhone Developer";
				COPY_PHASE_STRIP = NO;
				GCC_C_LANGUAGE_STANDARD = gnu99;
				GCC_DYNAMIC_NO_PIC = NO;
				GCC_OPTIMIZATION_LEVEL = 0;
				GCC_PREPROCESSOR_DEFINITIONS = (
					"DEBUG=1",
					"$(inherited)",
				);
				GCC_SYMBOLS_PRIVATE_EXTERN = NO;
				GCC_WARN_64_TO_32_BIT_CONVERSION = YES;
				GCC_WARN_ABOUT_RETURN_TYPE = YES_ERROR;
				GCC_WARN_UNDECLARED_SELECTOR = YES;
				GCC_WARN_UNINITIALIZED_AUTOS = YES;
				GCC_WARN_UNUSED_FUNCTION = YES;
				GCC_WARN_UNUSED_VARIABLE = YES;
				IPHONEOS_DEPLOYMENT_TARGET = 7.0;
				ONLY_ACTIVE_ARCH = YES;
				SDKROOT = iphoneos;
			};
			name = Debug;
		};
		95DB775D18BA7B9B009B4664 /* Release */ = {
			isa = XCBuildConfiguration;
			buildSettings = {
				ALWAYS_SEARCH_USER_PATHS = NO;
				ARCHS = "$(ARCHS_STANDARD_INCLUDING_64_BIT)";
				CLANG_CXX_LANGUAGE_STANDARD = "gnu++0x";
				CLANG_CXX_LIBRARY = "libc++";
				CLANG_ENABLE_MODULES = YES;
				CLANG_ENABLE_OBJC_ARC = YES;
				CLANG_WARN_BOOL_CONVERSION = YES;
				CLANG_WARN_CONSTANT_CONVERSION = YES;
				CLANG_WARN_DIRECT_OBJC_ISA_USAGE = YES_ERROR;
				CLANG_WARN_EMPTY_BODY = YES;
				CLANG_WARN_ENUM_CONVERSION = YES;
				CLANG_WARN_INT_CONVERSION = YES;
				CLANG_WARN_OBJC_ROOT_CLASS = YES_ERROR;
				CLANG_WARN__DUPLICATE_METHOD_MATCH = YES;
				"CODE_SIGN_IDENTITY[sdk=iphoneos*]" = "iPhone Developer";
				COPY_PHASE_STRIP = YES;
				ENABLE_NS_ASSERTIONS = NO;
				GCC_C_LANGUAGE_STANDARD = gnu99;
				GCC_WARN_64_TO_32_BIT_CONVERSION = YES;
				GCC_WARN_ABOUT_RETURN_TYPE = YES_ERROR;
				GCC_WARN_UNDECLARED_SELECTOR = YES;
				GCC_WARN_UNINITIALIZED_AUTOS = YES;
				GCC_WARN_UNUSED_FUNCTION = YES;
				GCC_WARN_UNUSED_VARIABLE = YES;
				IPHONEOS_DEPLOYMENT_TARGET = 7.0;
				SDKROOT = iphoneos;
				VALIDATE_PRODUCT = YES;
			};
			name = Release;
		};
		95DB775F18BA7B9B009B4664 /* Debug */ = {
			isa = XCBuildConfiguration;
			buildSettings = {
				ASSETCATALOG_COMPILER_APPICON_NAME = AppIcon;
				ASSETCATALOG_COMPILER_LAUNCHIMAGE_NAME = LaunchImage;
				GCC_PRECOMPILE_PREFIX_HEADER = YES;
				GCC_PREFIX_HEADER = "dragon/dragon-Prefix.pch";
				INFOPLIST_FILE = "dragon/dragon-Info.plist";
				PRODUCT_NAME = "$(TARGET_NAME)";
				SPRITEKIT_TEXTURE_ATLAS_OUTPUT = YES;
				WRAPPER_EXTENSION = app;
			};
			name = Debug;
		};
		95DB776018BA7B9B009B4664 /* Release */ = {
			isa = XCBuildConfiguration;
			buildSettings = {
				ASSETCATALOG_COMPILER_APPICON_NAME = AppIcon;
				ASSETCATALOG_COMPILER_LAUNCHIMAGE_NAME = LaunchImage;
				GCC_PRECOMPILE_PREFIX_HEADER = YES;
				GCC_PREFIX_HEADER = "dragon/dragon-Prefix.pch";
				INFOPLIST_FILE = "dragon/dragon-Info.plist";
				PRODUCT_NAME = "$(TARGET_NAME)";
				SPRITEKIT_TEXTURE_ATLAS_OUTPUT = YES;
				WRAPPER_EXTENSION = app;
			};
			name = Release;
		};
		95DB776218BA7B9B009B4664 /* Debug */ = {
			isa = XCBuildConfiguration;
			buildSettings = {
				ARCHS = "$(ARCHS_STANDARD_INCLUDING_64_BIT)";
				BUNDLE_LOADER = "$(BUILT_PRODUCTS_DIR)/dragon.app/dragon";
				FRAMEWORK_SEARCH_PATHS = (
					"$(SDKROOT)/Developer/Library/Frameworks",
					"$(inherited)",
					"$(DEVELOPER_FRAMEWORKS_DIR)",
				);
				GCC_PRECOMPILE_PREFIX_HEADER = YES;
				GCC_PREFIX_HEADER = "dragon/dragon-Prefix.pch";
				GCC_PREPROCESSOR_DEFINITIONS = (
					"DEBUG=1",
					"$(inherited)",
				);
				INFOPLIST_FILE = "dragonTests/dragonTests-Info.plist";
				PRODUCT_NAME = "$(TARGET_NAME)";
				TEST_HOST = "$(BUNDLE_LOADER)";
				WRAPPER_EXTENSION = xctest;
			};
			name = Debug;
		};
		95DB776318BA7B9B009B4664 /* Release */ = {
			isa = XCBuildConfiguration;
			buildSettings = {
				ARCHS = "$(ARCHS_STANDARD_INCLUDING_64_BIT)";
				BUNDLE_LOADER = "$(BUILT_PRODUCTS_DIR)/dragon.app/dragon";
				FRAMEWORK_SEARCH_PATHS = (
					"$(SDKROOT)/Developer/Library/Frameworks",
					"$(inherited)",
					"$(DEVELOPER_FRAMEWORKS_DIR)",
				);
				GCC_PRECOMPILE_PREFIX_HEADER = YES;
				GCC_PREFIX_HEADER = "dragon/dragon-Prefix.pch";
				INFOPLIST_FILE = "dragonTests/dragonTests-Info.plist";
				PRODUCT_NAME = "$(TARGET_NAME)";
				TEST_HOST = "$(BUNDLE_LOADER)";
				WRAPPER_EXTENSION = xctest;
			};
			name = Release;
		};
/* End XCBuildConfiguration section */

/* Begin XCConfigurationList section */
		95DB772018BA7B9B009B4664 /* Build configuration list for PBXProject "dragon" */ = {
			isa = XCConfigurationList;
			buildConfigurations = (
				95DB775C18BA7B9B009B4664 /* Debug */,
				95DB775D18BA7B9B009B4664 /* Release */,
			);
			defaultConfigurationIsVisible = 0;
			defaultConfigurationName = Release;
		};
		95DB775E18BA7B9B009B4664 /* Build configuration list for PBXNativeTarget "dragon" */ = {
			isa = XCConfigurationList;
			buildConfigurations = (
				95DB775F18BA7B9B009B4664 /* Debug */,
				95DB776018BA7B9B009B4664 /* Release */,
			);
			defaultConfigurationIsVisible = 0;
		};
		95DB776118BA7B9B009B4664 /* Build configuration list for PBXNativeTarget "dragonTests" */ = {
			isa = XCConfigurationList;
			buildConfigurations = (
				95DB776218BA7B9B009B4664 /* Debug */,
				95DB776318BA7B9B009B4664 /* Release */,
			);
			defaultConfigurationIsVisible = 0;
		};
/* End XCConfigurationList section */
	};
	rootObject = 95DB771D18BA7B9B009B4664 /* Project object */;
}
