// !$*UTF8*$!
{
	archiveVersion = 1;
	classes = {
	};
	objectVersion = 46;
	objects = {

/* Begin PBXBuildFile section */
		952CDF3018C58F77007B0663 /* Foundation.framework in Frameworks */ = {isa = PBXBuildFile; fileRef = 952CDF2F18C58F77007B0663 /* Foundation.framework */; };
		952CDF3218C58F77007B0663 /* CoreGraphics.framework in Frameworks */ = {isa = PBXBuildFile; fileRef = 952CDF3118C58F77007B0663 /* CoreGraphics.framework */; };
		952CDF3418C58F77007B0663 /* UIKit.framework in Frameworks */ = {isa = PBXBuildFile; fileRef = 952CDF3318C58F77007B0663 /* UIKit.framework */; };
		952CDF3A18C58F77007B0663 /* InfoPlist.strings in Resources */ = {isa = PBXBuildFile; fileRef = 952CDF3818C58F77007B0663 /* InfoPlist.strings */; };
		952CDF3C18C58F77007B0663 /* main.m in Sources */ = {isa = PBXBuildFile; fileRef = 952CDF3B18C58F77007B0663 /* main.m */; };
		952CDF4018C58F77007B0663 /* AppDelegate.m in Sources */ = {isa = PBXBuildFile; fileRef = 952CDF3F18C58F77007B0663 /* AppDelegate.m */; };
		952CDF4318C58F77007B0663 /* Main.storyboard in Resources */ = {isa = PBXBuildFile; fileRef = 952CDF4118C58F77007B0663 /* Main.storyboard */; };
		952CDF4618C58F77007B0663 /* ViewController.m in Sources */ = {isa = PBXBuildFile; fileRef = 952CDF4518C58F77007B0663 /* ViewController.m */; };
		952CDF4818C58F77007B0663 /* Images.xcassets in Resources */ = {isa = PBXBuildFile; fileRef = 952CDF4718C58F77007B0663 /* Images.xcassets */; };
		952CDF4F18C58F77007B0663 /* XCTest.framework in Frameworks */ = {isa = PBXBuildFile; fileRef = 952CDF4E18C58F77007B0663 /* XCTest.framework */; };
		952CDF5018C58F77007B0663 /* Foundation.framework in Frameworks */ = {isa = PBXBuildFile; fileRef = 952CDF2F18C58F77007B0663 /* Foundation.framework */; };
		952CDF5118C58F77007B0663 /* UIKit.framework in Frameworks */ = {isa = PBXBuildFile; fileRef = 952CDF3318C58F77007B0663 /* UIKit.framework */; };
		952CDF5918C58F77007B0663 /* InfoPlist.strings in Resources */ = {isa = PBXBuildFile; fileRef = 952CDF5718C58F77007B0663 /* InfoPlist.strings */; };
		952CDF5B18C58F77007B0663 /* googleMapImplementationTests.m in Sources */ = {isa = PBXBuildFile; fileRef = 952CDF5A18C58F77007B0663 /* googleMapImplementationTests.m */; };
		952CDF6518C58FD8007B0663 /* GoogleMaps.framework in Frameworks */ = {isa = PBXBuildFile; fileRef = 952CDF6418C58FD8007B0663 /* GoogleMaps.framework */; };
		952CDF6718C59127007B0663 /* AVFoundation.framework in Frameworks */ = {isa = PBXBuildFile; fileRef = 952CDF6618C59127007B0663 /* AVFoundation.framework */; };
		952CDF6918C5912F007B0663 /* CoreData.framework in Frameworks */ = {isa = PBXBuildFile; fileRef = 952CDF6818C5912F007B0663 /* CoreData.framework */; };
		952CDF6B18C5913B007B0663 /* CoreLocation.framework in Frameworks */ = {isa = PBXBuildFile; fileRef = 952CDF6A18C5913B007B0663 /* CoreLocation.framework */; };
		952CDF6D18C59149007B0663 /* CoreText.framework in Frameworks */ = {isa = PBXBuildFile; fileRef = 952CDF6C18C59149007B0663 /* CoreText.framework */; };
		952CDF6F18C5914F007B0663 /* GLKit.framework in Frameworks */ = {isa = PBXBuildFile; fileRef = 952CDF6E18C5914F007B0663 /* GLKit.framework */; };
		952CDF7118C59159007B0663 /* ImageIO.framework in Frameworks */ = {isa = PBXBuildFile; fileRef = 952CDF7018C59159007B0663 /* ImageIO.framework */; };
		952CDF7318C59162007B0663 /* libc++.dylib in Frameworks */ = {isa = PBXBuildFile; fileRef = 952CDF7218C59162007B0663 /* libc++.dylib */; };
		952CDF7518C59170007B0663 /* libicucore.dylib in Frameworks */ = {isa = PBXBuildFile; fileRef = 952CDF7418C59170007B0663 /* libicucore.dylib */; };
		952CDF7718C5917A007B0663 /* libz.dylib in Frameworks */ = {isa = PBXBuildFile; fileRef = 952CDF7618C5917A007B0663 /* libz.dylib */; };
		952CDF7918C59182007B0663 /* OpenGLES.framework in Frameworks */ = {isa = PBXBuildFile; fileRef = 952CDF7818C59182007B0663 /* OpenGLES.framework */; };
		952CDF7B18C59189007B0663 /* QuartzCore.framework in Frameworks */ = {isa = PBXBuildFile; fileRef = 952CDF7A18C59189007B0663 /* QuartzCore.framework */; };
		952CDF7D18C59192007B0663 /* SystemConfiguration.framework in Frameworks */ = {isa = PBXBuildFile; fileRef = 952CDF7C18C59192007B0663 /* SystemConfiguration.framework */; };
		952CDFC218C5979B007B0663 /* GoogleMaps.bundle in Resources */ = {isa = PBXBuildFile; fileRef = 952CDFC118C5979A007B0663 /* GoogleMaps.bundle */; };
/* End PBXBuildFile section */

/* Begin PBXContainerItemProxy section */
		952CDF5218C58F77007B0663 /* PBXContainerItemProxy */ = {
			isa = PBXContainerItemProxy;
			containerPortal = 952CDF2418C58F77007B0663 /* Project object */;
			proxyType = 1;
			remoteGlobalIDString = 952CDF2B18C58F77007B0663;
			remoteInfo = googleMapImplementation;
		};
/* End PBXContainerItemProxy section */

/* Begin PBXFileReference section */
		952CDF2C18C58F77007B0663 /* googleMapImplementation.app */ = {isa = PBXFileReference; explicitFileType = wrapper.application; includeInIndex = 0; path = googleMapImplementation.app; sourceTree = BUILT_PRODUCTS_DIR; };
		952CDF2F18C58F77007B0663 /* Foundation.framework */ = {isa = PBXFileReference; lastKnownFileType = wrapper.framework; name = Foundation.framework; path = System/Library/Frameworks/Foundation.framework; sourceTree = SDKROOT; };
		952CDF3118C58F77007B0663 /* CoreGraphics.framework */ = {isa = PBXFileReference; lastKnownFileType = wrapper.framework; name = CoreGraphics.framework; path = System/Library/Frameworks/CoreGraphics.framework; sourceTree = SDKROOT; };
		952CDF3318C58F77007B0663 /* UIKit.framework */ = {isa = PBXFileReference; lastKnownFileType = wrapper.framework; name = UIKit.framework; path = System/Library/Frameworks/UIKit.framework; sourceTree = SDKROOT; };
		952CDF3718C58F77007B0663 /* googleMapImplementation-Info.plist */ = {isa = PBXFileReference; lastKnownFileType = text.plist.xml; path = "googleMapImplementation-Info.plist"; sourceTree = "<group>"; };
		952CDF3918C58F77007B0663 /* en */ = {isa = PBXFileReference; lastKnownFileType = text.plist.strings; name = en; path = en.lproj/InfoPlist.strings; sourceTree = "<group>"; };
		952CDF3B18C58F77007B0663 /* main.m */ = {isa = PBXFileReference; lastKnownFileType = sourcecode.c.objc; path = main.m; sourceTree = "<group>"; };
		952CDF3D18C58F77007B0663 /* googleMapImplementation-Prefix.pch */ = {isa = PBXFileReference; lastKnownFileType = sourcecode.c.h; path = "googleMapImplementation-Prefix.pch"; sourceTree = "<group>"; };
		952CDF3E18C58F77007B0663 /* AppDelegate.h */ = {isa = PBXFileReference; lastKnownFileType = sourcecode.c.h; path = AppDelegate.h; sourceTree = "<group>"; };
		952CDF3F18C58F77007B0663 /* AppDelegate.m */ = {isa = PBXFileReference; lastKnownFileType = sourcecode.c.objc; path = AppDelegate.m; sourceTree = "<group>"; };
		952CDF4218C58F77007B0663 /* Base */ = {isa = PBXFileReference; lastKnownFileType = file.storyboard; name = Base; path = Base.lproj/Main.storyboard; sourceTree = "<group>"; };
		952CDF4418C58F77007B0663 /* ViewController.h */ = {isa = PBXFileReference; lastKnownFileType = sourcecode.c.h; path = ViewController.h; sourceTree = "<group>"; };
		952CDF4518C58F77007B0663 /* ViewController.m */ = {isa = PBXFileReference; lastKnownFileType = sourcecode.c.objc; path = ViewController.m; sourceTree = "<group>"; };
		952CDF4718C58F77007B0663 /* Images.xcassets */ = {isa = PBXFileReference; lastKnownFileType = folder.assetcatalog; path = Images.xcassets; sourceTree = "<group>"; };
		952CDF4D18C58F77007B0663 /* googleMapImplementationTests.xctest */ = {isa = PBXFileReference; explicitFileType = wrapper.cfbundle; includeInIndex = 0; path = googleMapImplementationTests.xctest; sourceTree = BUILT_PRODUCTS_DIR; };
		952CDF4E18C58F77007B0663 /* XCTest.framework */ = {isa = PBXFileReference; lastKnownFileType = wrapper.framework; name = XCTest.framework; path = Library/Frameworks/XCTest.framework; sourceTree = DEVELOPER_DIR; };
		952CDF5618C58F77007B0663 /* googleMapImplementationTests-Info.plist */ = {isa = PBXFileReference; lastKnownFileType = text.plist.xml; path = "googleMapImplementationTests-Info.plist"; sourceTree = "<group>"; };
		952CDF5818C58F77007B0663 /* en */ = {isa = PBXFileReference; lastKnownFileType = text.plist.strings; name = en; path = en.lproj/InfoPlist.strings; sourceTree = "<group>"; };
		952CDF5A18C58F77007B0663 /* googleMapImplementationTests.m */ = {isa = PBXFileReference; lastKnownFileType = sourcecode.c.objc; path = googleMapImplementationTests.m; sourceTree = "<group>"; };
		952CDF6418C58FD8007B0663 /* GoogleMaps.framework */ = {isa = PBXFileReference; lastKnownFileType = wrapper.framework; path = GoogleMaps.framework; sourceTree = "<group>"; };
		952CDF6618C59127007B0663 /* AVFoundation.framework */ = {isa = PBXFileReference; lastKnownFileType = wrapper.framework; name = AVFoundation.framework; path = System/Library/Frameworks/AVFoundation.framework; sourceTree = SDKROOT; };
		952CDF6818C5912F007B0663 /* CoreData.framework */ = {isa = PBXFileReference; lastKnownFileType = wrapper.framework; name = CoreData.framework; path = System/Library/Frameworks/CoreData.framework; sourceTree = SDKROOT; };
		952CDF6A18C5913B007B0663 /* CoreLocation.framework */ = {isa = PBXFileReference; lastKnownFileType = wrapper.framework; name = CoreLocation.framework; path = System/Library/Frameworks/CoreLocation.framework; sourceTree = SDKROOT; };
		952CDF6C18C59149007B0663 /* CoreText.framework */ = {isa = PBXFileReference; lastKnownFileType = wrapper.framework; name = CoreText.framework; path = System/Library/Frameworks/CoreText.framework; sourceTree = SDKROOT; };
		952CDF6E18C5914F007B0663 /* GLKit.framework */ = {isa = PBXFileReference; lastKnownFileType = wrapper.framework; name = GLKit.framework; path = System/Library/Frameworks/GLKit.framework; sourceTree = SDKROOT; };
		952CDF7018C59159007B0663 /* ImageIO.framework */ = {isa = PBXFileReference; lastKnownFileType = wrapper.framework; name = ImageIO.framework; path = System/Library/Frameworks/ImageIO.framework; sourceTree = SDKROOT; };
		952CDF7218C59162007B0663 /* libc++.dylib */ = {isa = PBXFileReference; lastKnownFileType = "compiled.mach-o.dylib"; name = "libc++.dylib"; path = "usr/lib/libc++.dylib"; sourceTree = SDKROOT; };
		952CDF7418C59170007B0663 /* libicucore.dylib */ = {isa = PBXFileReference; lastKnownFileType = "compiled.mach-o.dylib"; name = libicucore.dylib; path = usr/lib/libicucore.dylib; sourceTree = SDKROOT; };
		952CDF7618C5917A007B0663 /* libz.dylib */ = {isa = PBXFileReference; lastKnownFileType = "compiled.mach-o.dylib"; name = libz.dylib; path = usr/lib/libz.dylib; sourceTree = SDKROOT; };
		952CDF7818C59182007B0663 /* OpenGLES.framework */ = {isa = PBXFileReference; lastKnownFileType = wrapper.framework; name = OpenGLES.framework; path = System/Library/Frameworks/OpenGLES.framework; sourceTree = SDKROOT; };
		952CDF7A18C59189007B0663 /* QuartzCore.framework */ = {isa = PBXFileReference; lastKnownFileType = wrapper.framework; name = QuartzCore.framework; path = System/Library/Frameworks/QuartzCore.framework; sourceTree = SDKROOT; };
		952CDF7C18C59192007B0663 /* SystemConfiguration.framework */ = {isa = PBXFileReference; lastKnownFileType = wrapper.framework; name = SystemConfiguration.framework; path = System/Library/Frameworks/SystemConfiguration.framework; sourceTree = SDKROOT; };
		952CDFC118C5979A007B0663 /* GoogleMaps.bundle */ = {isa = PBXFileReference; lastKnownFileType = "wrapper.plug-in"; name = GoogleMaps.bundle; path = GoogleMaps.framework/Versions/A/Resources/GoogleMaps.bundle; sourceTree = "<group>"; };
/* End PBXFileReference section */

/* Begin PBXFrameworksBuildPhase section */
		952CDF2918C58F77007B0663 /* Frameworks */ = {
			isa = PBXFrameworksBuildPhase;
			buildActionMask = 2147483647;
			files = (
				952CDF7D18C59192007B0663 /* SystemConfiguration.framework in Frameworks */,
				952CDF7B18C59189007B0663 /* QuartzCore.framework in Frameworks */,
				952CDF7918C59182007B0663 /* OpenGLES.framework in Frameworks */,
				952CDF7718C5917A007B0663 /* libz.dylib in Frameworks */,
				952CDF7518C59170007B0663 /* libicucore.dylib in Frameworks */,
				952CDF7318C59162007B0663 /* libc++.dylib in Frameworks */,
				952CDF7118C59159007B0663 /* ImageIO.framework in Frameworks */,
				952CDF6F18C5914F007B0663 /* GLKit.framework in Frameworks */,
				952CDF6D18C59149007B0663 /* CoreText.framework in Frameworks */,
				952CDF6B18C5913B007B0663 /* CoreLocation.framework in Frameworks */,
				952CDF6918C5912F007B0663 /* CoreData.framework in Frameworks */,
				952CDF6718C59127007B0663 /* AVFoundation.framework in Frameworks */,
				952CDF3218C58F77007B0663 /* CoreGraphics.framework in Frameworks */,
				952CDF3418C58F77007B0663 /* UIKit.framework in Frameworks */,
				952CDF6518C58FD8007B0663 /* GoogleMaps.framework in Frameworks */,
				952CDF3018C58F77007B0663 /* Foundation.framework in Frameworks */,
			);
			runOnlyForDeploymentPostprocessing = 0;
		};
		952CDF4A18C58F77007B0663 /* Frameworks */ = {
			isa = PBXFrameworksBuildPhase;
			buildActionMask = 2147483647;
			files = (
				952CDF4F18C58F77007B0663 /* XCTest.framework in Frameworks */,
				952CDF5118C58F77007B0663 /* UIKit.framework in Frameworks */,
				952CDF5018C58F77007B0663 /* Foundation.framework in Frameworks */,
			);
			runOnlyForDeploymentPostprocessing = 0;
		};
/* End PBXFrameworksBuildPhase section */

/* Begin PBXGroup section */
		952CDF2318C58F77007B0663 = {
			isa = PBXGroup;
			children = (
				952CDF3518C58F77007B0663 /* googleMapImplementation */,
				952CDF5418C58F77007B0663 /* googleMapImplementationTests */,
				952CDF2E18C58F77007B0663 /* Frameworks */,
				952CDF2D18C58F77007B0663 /* Products */,
			);
			sourceTree = "<group>";
		};
		952CDF2D18C58F77007B0663 /* Products */ = {
			isa = PBXGroup;
			children = (
				952CDF2C18C58F77007B0663 /* googleMapImplementation.app */,
				952CDF4D18C58F77007B0663 /* googleMapImplementationTests.xctest */,
			);
			name = Products;
			sourceTree = "<group>";
		};
		952CDF2E18C58F77007B0663 /* Frameworks */ = {
			isa = PBXGroup;
			children = (
				952CDFC118C5979A007B0663 /* GoogleMaps.bundle */,
				952CDF6418C58FD8007B0663 /* GoogleMaps.framework */,
				952CDF7C18C59192007B0663 /* SystemConfiguration.framework */,
				952CDF7A18C59189007B0663 /* QuartzCore.framework */,
				952CDF7818C59182007B0663 /* OpenGLES.framework */,
				952CDF7618C5917A007B0663 /* libz.dylib */,
				952CDF7418C59170007B0663 /* libicucore.dylib */,
				952CDF7218C59162007B0663 /* libc++.dylib */,
				952CDF7018C59159007B0663 /* ImageIO.framework */,
				952CDF6E18C5914F007B0663 /* GLKit.framework */,
				952CDF6C18C59149007B0663 /* CoreText.framework */,
				952CDF6A18C5913B007B0663 /* CoreLocation.framework */,
				952CDF6818C5912F007B0663 /* CoreData.framework */,
				952CDF6618C59127007B0663 /* AVFoundation.framework */,
				952CDF2F18C58F77007B0663 /* Foundation.framework */,
				952CDF3118C58F77007B0663 /* CoreGraphics.framework */,
				952CDF3318C58F77007B0663 /* UIKit.framework */,
				952CDF4E18C58F77007B0663 /* XCTest.framework */,
			);
			name = Frameworks;
			sourceTree = "<group>";
		};
		952CDF3518C58F77007B0663 /* googleMapImplementation */ = {
			isa = PBXGroup;
			children = (
				952CDF3E18C58F77007B0663 /* AppDelegate.h */,
				952CDF3F18C58F77007B0663 /* AppDelegate.m */,
				952CDF4118C58F77007B0663 /* Main.storyboard */,
				952CDF4418C58F77007B0663 /* ViewController.h */,
				952CDF4518C58F77007B0663 /* ViewController.m */,
				952CDF4718C58F77007B0663 /* Images.xcassets */,
				952CDF3618C58F77007B0663 /* Supporting Files */,
			);
			path = googleMapImplementation;
			sourceTree = "<group>";
		};
		952CDF3618C58F77007B0663 /* Supporting Files */ = {
			isa = PBXGroup;
			children = (
				952CDF3718C58F77007B0663 /* googleMapImplementation-Info.plist */,
				952CDF3818C58F77007B0663 /* InfoPlist.strings */,
				952CDF3B18C58F77007B0663 /* main.m */,
				952CDF3D18C58F77007B0663 /* googleMapImplementation-Prefix.pch */,
			);
			name = "Supporting Files";
			sourceTree = "<group>";
		};
		952CDF5418C58F77007B0663 /* googleMapImplementationTests */ = {
			isa = PBXGroup;
			children = (
				952CDF5A18C58F77007B0663 /* googleMapImplementationTests.m */,
				952CDF5518C58F77007B0663 /* Supporting Files */,
			);
			path = googleMapImplementationTests;
			sourceTree = "<group>";
		};
		952CDF5518C58F77007B0663 /* Supporting Files */ = {
			isa = PBXGroup;
			children = (
				952CDF5618C58F77007B0663 /* googleMapImplementationTests-Info.plist */,
				952CDF5718C58F77007B0663 /* InfoPlist.strings */,
			);
			name = "Supporting Files";
			sourceTree = "<group>";
		};
/* End PBXGroup section */

/* Begin PBXNativeTarget section */
		952CDF2B18C58F77007B0663 /* googleMapImplementation */ = {
			isa = PBXNativeTarget;
			buildConfigurationList = 952CDF5E18C58F77007B0663 /* Build configuration list for PBXNativeTarget "googleMapImplementation" */;
			buildPhases = (
				952CDF2818C58F77007B0663 /* Sources */,
				952CDF2918C58F77007B0663 /* Frameworks */,
				952CDF2A18C58F77007B0663 /* Resources */,
			);
			buildRules = (
			);
			dependencies = (
			);
			name = googleMapImplementation;
			productName = googleMapImplementation;
			productReference = 952CDF2C18C58F77007B0663 /* googleMapImplementation.app */;
			productType = "com.apple.product-type.application";
		};
		952CDF4C18C58F77007B0663 /* googleMapImplementationTests */ = {
			isa = PBXNativeTarget;
			buildConfigurationList = 952CDF6118C58F77007B0663 /* Build configuration list for PBXNativeTarget "googleMapImplementationTests" */;
			buildPhases = (
				952CDF4918C58F77007B0663 /* Sources */,
				952CDF4A18C58F77007B0663 /* Frameworks */,
				952CDF4B18C58F77007B0663 /* Resources */,
			);
			buildRules = (
			);
			dependencies = (
				952CDF5318C58F77007B0663 /* PBXTargetDependency */,
			);
			name = googleMapImplementationTests;
			productName = googleMapImplementationTests;
			productReference = 952CDF4D18C58F77007B0663 /* googleMapImplementationTests.xctest */;
			productType = "com.apple.product-type.bundle.unit-test";
		};
/* End PBXNativeTarget section */

/* Begin PBXProject section */
		952CDF2418C58F77007B0663 /* Project object */ = {
			isa = PBXProject;
			attributes = {
				LastUpgradeCheck = 0500;
				ORGANIZATIONNAME = "Xu Deng";
				TargetAttributes = {
					952CDF4C18C58F77007B0663 = {
						TestTargetID = 952CDF2B18C58F77007B0663;
					};
				};
			};
			buildConfigurationList = 952CDF2718C58F77007B0663 /* Build configuration list for PBXProject "googleMapImplementation" */;
			compatibilityVersion = "Xcode 3.2";
			developmentRegion = English;
			hasScannedForEncodings = 0;
			knownRegions = (
				en,
				Base,
			);
			mainGroup = 952CDF2318C58F77007B0663;
			productRefGroup = 952CDF2D18C58F77007B0663 /* Products */;
			projectDirPath = "";
			projectRoot = "";
			targets = (
				952CDF2B18C58F77007B0663 /* googleMapImplementation */,
				952CDF4C18C58F77007B0663 /* googleMapImplementationTests */,
			);
		};
/* End PBXProject section */

/* Begin PBXResourcesBuildPhase section */
		952CDF2A18C58F77007B0663 /* Resources */ = {
			isa = PBXResourcesBuildPhase;
			buildActionMask = 2147483647;
			files = (
				952CDF4818C58F77007B0663 /* Images.xcassets in Resources */,
				952CDF3A18C58F77007B0663 /* InfoPlist.strings in Resources */,
				952CDF4318C58F77007B0663 /* Main.storyboard in Resources */,
				952CDFC218C5979B007B0663 /* GoogleMaps.bundle in Resources */,
			);
			runOnlyForDeploymentPostprocessing = 0;
		};
		952CDF4B18C58F77007B0663 /* Resources */ = {
			isa = PBXResourcesBuildPhase;
			buildActionMask = 2147483647;
			files = (
				952CDF5918C58F77007B0663 /* InfoPlist.strings in Resources */,
			);
			runOnlyForDeploymentPostprocessing = 0;
		};
/* End PBXResourcesBuildPhase section */

/* Begin PBXSourcesBuildPhase section */
		952CDF2818C58F77007B0663 /* Sources */ = {
			isa = PBXSourcesBuildPhase;
			buildActionMask = 2147483647;
			files = (
				952CDF4618C58F77007B0663 /* ViewController.m in Sources */,
				952CDF4018C58F77007B0663 /* AppDelegate.m in Sources */,
				952CDF3C18C58F77007B0663 /* main.m in Sources */,
			);
			runOnlyForDeploymentPostprocessing = 0;
		};
		952CDF4918C58F77007B0663 /* Sources */ = {
			isa = PBXSourcesBuildPhase;
			buildActionMask = 2147483647;
			files = (
				952CDF5B18C58F77007B0663 /* googleMapImplementationTests.m in Sources */,
			);
			runOnlyForDeploymentPostprocessing = 0;
		};
/* End PBXSourcesBuildPhase section */

/* Begin PBXTargetDependency section */
		952CDF5318C58F77007B0663 /* PBXTargetDependency */ = {
			isa = PBXTargetDependency;
			target = 952CDF2B18C58F77007B0663 /* googleMapImplementation */;
			targetProxy = 952CDF5218C58F77007B0663 /* PBXContainerItemProxy */;
		};
/* End PBXTargetDependency section */

/* Begin PBXVariantGroup section */
		952CDF3818C58F77007B0663 /* InfoPlist.strings */ = {
			isa = PBXVariantGroup;
			children = (
				952CDF3918C58F77007B0663 /* en */,
			);
			name = InfoPlist.strings;
			sourceTree = "<group>";
		};
		952CDF4118C58F77007B0663 /* Main.storyboard */ = {
			isa = PBXVariantGroup;
			children = (
				952CDF4218C58F77007B0663 /* Base */,
			);
			name = Main.storyboard;
			sourceTree = "<group>";
		};
		952CDF5718C58F77007B0663 /* InfoPlist.strings */ = {
			isa = PBXVariantGroup;
			children = (
				952CDF5818C58F77007B0663 /* en */,
			);
			name = InfoPlist.strings;
			sourceTree = "<group>";
		};
/* End PBXVariantGroup section */

/* Begin XCBuildConfiguration section */
		952CDF5C18C58F77007B0663 /* Debug */ = {
			isa = XCBuildConfiguration;
			buildSettings = {
				ALWAYS_SEARCH_USER_PATHS = NO;
				ARCHS = "$(ARCHS_STANDARD_INCLUDING_64_BIT)";
				CLANG_CXX_LANGUAGE_STANDARD = "gnu++0x";
				CLANG_CXX_LIBRARY = "libc++";
				CLANG_ENABLE_MODULES = YES;
				CLANG_ENABLE_OBJC_ARC = YES;
				CLANG_WARN_BOOL_CONVERSION = YES;
				CLANG_WARN_CONSTANT_CONVERSION = YES;
				CLANG_WARN_DIRECT_OBJC_ISA_USAGE = YES_ERROR;
				CLANG_WARN_EMPTY_BODY = YES;
				CLANG_WARN_ENUM_CONVERSION = YES;
				CLANG_WARN_INT_CONVERSION = YES;
				CLANG_WARN_OBJC_ROOT_CLASS = YES_ERROR;
				CLANG_WARN__DUPLICATE_METHOD_MATCH = YES;
				"CODE_SIGN_IDENTITY[sdk=iphoneos*]" = "iPhone Developer";
				COPY_PHASE_STRIP = NO;
				GCC_C_LANGUAGE_STANDARD = gnu99;
				GCC_DYNAMIC_NO_PIC = NO;
				GCC_OPTIMIZATION_LEVEL = 0;
				GCC_PREPROCESSOR_DEFINITIONS = (
					"DEBUG=1",
					"$(inherited)",
				);
				GCC_SYMBOLS_PRIVATE_EXTERN = NO;
				GCC_WARN_64_TO_32_BIT_CONVERSION = YES;
				GCC_WARN_ABOUT_RETURN_TYPE = YES_ERROR;
				GCC_WARN_UNDECLARED_SELECTOR = YES;
				GCC_WARN_UNINITIALIZED_AUTOS = YES;
				GCC_WARN_UNUSED_FUNCTION = YES;
				GCC_WARN_UNUSED_VARIABLE = YES;
				IPHONEOS_DEPLOYMENT_TARGET = 7.0;
				ONLY_ACTIVE_ARCH = YES;
				OTHER_LDFLAGS = "-ObjC";
				SDKROOT = iphoneos;
			};
			name = Debug;
		};
		952CDF5D18C58F77007B0663 /* Release */ = {
			isa = XCBuildConfiguration;
			buildSettings = {
				ALWAYS_SEARCH_USER_PATHS = NO;
				ARCHS = "$(ARCHS_STANDARD_INCLUDING_64_BIT)";
				CLANG_CXX_LANGUAGE_STANDARD = "gnu++0x";
				CLANG_CXX_LIBRARY = "libc++";
				CLANG_ENABLE_MODULES = YES;
				CLANG_ENABLE_OBJC_ARC = YES;
				CLANG_WARN_BOOL_CONVERSION = YES;
				CLANG_WARN_CONSTANT_CONVERSION = YES;
				CLANG_WARN_DIRECT_OBJC_ISA_USAGE = YES_ERROR;
				CLANG_WARN_EMPTY_BODY = YES;
				CLANG_WARN_ENUM_CONVERSION = YES;
				CLANG_WARN_INT_CONVERSION = YES;
				CLANG_WARN_OBJC_ROOT_CLASS = YES_ERROR;
				CLANG_WARN__DUPLICATE_METHOD_MATCH = YES;
				"CODE_SIGN_IDENTITY[sdk=iphoneos*]" = "iPhone Developer";
				COPY_PHASE_STRIP = YES;
				ENABLE_NS_ASSERTIONS = NO;
				GCC_C_LANGUAGE_STANDARD = gnu99;
				GCC_WARN_64_TO_32_BIT_CONVERSION = YES;
				GCC_WARN_ABOUT_RETURN_TYPE = YES_ERROR;
				GCC_WARN_UNDECLARED_SELECTOR = YES;
				GCC_WARN_UNINITIALIZED_AUTOS = YES;
				GCC_WARN_UNUSED_FUNCTION = YES;
				GCC_WARN_UNUSED_VARIABLE = YES;
				IPHONEOS_DEPLOYMENT_TARGET = 7.0;
				OTHER_LDFLAGS = "-ObjC";
				SDKROOT = iphoneos;
				VALIDATE_PRODUCT = YES;
			};
			name = Release;
		};
		952CDF5F18C58F77007B0663 /* Debug */ = {
			isa = XCBuildConfiguration;
			buildSettings = {
				ASSETCATALOG_COMPILER_APPICON_NAME = AppIcon;
				ASSETCATALOG_COMPILER_LAUNCHIMAGE_NAME = LaunchImage;
				FRAMEWORK_SEARCH_PATHS = (
					"$(inherited)",
					/Users/xu/Documents/repositories/ios_app_programming/googleMapImplementation,
				);
				GCC_PRECOMPILE_PREFIX_HEADER = YES;
				GCC_PREFIX_HEADER = "googleMapImplementation/googleMapImplementation-Prefix.pch";
				INFOPLIST_FILE = "googleMapImplementation/googleMapImplementation-Info.plist";
				OTHER_LDFLAGS = "-ObjC";
				PRODUCT_NAME = "$(TARGET_NAME)";
				WRAPPER_EXTENSION = app;
			};
			name = Debug;
		};
		952CDF6018C58F77007B0663 /* Release */ = {
			isa = XCBuildConfiguration;
			buildSettings = {
				ASSETCATALOG_COMPILER_APPICON_NAME = AppIcon;
				ASSETCATALOG_COMPILER_LAUNCHIMAGE_NAME = LaunchImage;
				FRAMEWORK_SEARCH_PATHS = (
					"$(inherited)",
					/Users/xu/Documents/repositories/ios_app_programming/googleMapImplementation,
				);
				GCC_PRECOMPILE_PREFIX_HEADER = YES;
				GCC_PREFIX_HEADER = "googleMapImplementation/googleMapImplementation-Prefix.pch";
				INFOPLIST_FILE = "googleMapImplementation/googleMapImplementation-Info.plist";
				OTHER_LDFLAGS = "-ObjC";
				PRODUCT_NAME = "$(TARGET_NAME)";
				WRAPPER_EXTENSION = app;
			};
			name = Release;
		};
		952CDF6218C58F77007B0663 /* Debug */ = {
			isa = XCBuildConfiguration;
			buildSettings = {
				ARCHS = "$(ARCHS_STANDARD_INCLUDING_64_BIT)";
				BUNDLE_LOADER = "$(BUILT_PRODUCTS_DIR)/googleMapImplementation.app/googleMapImplementation";
				FRAMEWORK_SEARCH_PATHS = (
					"$(SDKROOT)/Developer/Library/Frameworks",
					"$(inherited)",
					"$(DEVELOPER_FRAMEWORKS_DIR)",
				);
				GCC_PRECOMPILE_PREFIX_HEADER = YES;
				GCC_PREFIX_HEADER = "googleMapImplementation/googleMapImplementation-Prefix.pch";
				GCC_PREPROCESSOR_DEFINITIONS = (
					"DEBUG=1",
					"$(inherited)",
				);
				INFOPLIST_FILE = "googleMapImplementationTests/googleMapImplementationTests-Info.plist";
				PRODUCT_NAME = "$(TARGET_NAME)";
				TEST_HOST = "$(BUNDLE_LOADER)";
				WRAPPER_EXTENSION = xctest;
			};
			name = Debug;
		};
		952CDF6318C58F77007B0663 /* Release */ = {
			isa = XCBuildConfiguration;
			buildSettings = {
				ARCHS = "$(ARCHS_STANDARD_INCLUDING_64_BIT)";
				BUNDLE_LOADER = "$(BUILT_PRODUCTS_DIR)/googleMapImplementation.app/googleMapImplementation";
				FRAMEWORK_SEARCH_PATHS = (
					"$(SDKROOT)/Developer/Library/Frameworks",
					"$(inherited)",
					"$(DEVELOPER_FRAMEWORKS_DIR)",
				);
				GCC_PRECOMPILE_PREFIX_HEADER = YES;
				GCC_PREFIX_HEADER = "googleMapImplementation/googleMapImplementation-Prefix.pch";
				INFOPLIST_FILE = "googleMapImplementationTests/googleMapImplementationTests-Info.plist";
				PRODUCT_NAME = "$(TARGET_NAME)";
				TEST_HOST = "$(BUNDLE_LOADER)";
				WRAPPER_EXTENSION = xctest;
			};
			name = Release;
		};
/* End XCBuildConfiguration section */

/* Begin XCConfigurationList section */
		952CDF2718C58F77007B0663 /* Build configuration list for PBXProject "googleMapImplementation" */ = {
			isa = XCConfigurationList;
			buildConfigurations = (
				952CDF5C18C58F77007B0663 /* Debug */,
				952CDF5D18C58F77007B0663 /* Release */,
			);
			defaultConfigurationIsVisible = 0;
			defaultConfigurationName = Release;
		};
		952CDF5E18C58F77007B0663 /* Build configuration list for PBXNativeTarget "googleMapImplementation" */ = {
			isa = XCConfigurationList;
			buildConfigurations = (
				952CDF5F18C58F77007B0663 /* Debug */,
				952CDF6018C58F77007B0663 /* Release */,
			);
			defaultConfigurationIsVisible = 0;
		};
		952CDF6118C58F77007B0663 /* Build configuration list for PBXNativeTarget "googleMapImplementationTests" */ = {
			isa = XCConfigurationList;
			buildConfigurations = (
				952CDF6218C58F77007B0663 /* Debug */,
				952CDF6318C58F77007B0663 /* Release */,
			);
			defaultConfigurationIsVisible = 0;
		};
/* End XCConfigurationList section */
	};
	rootObject = 952CDF2418C58F77007B0663 /* Project object */;
}
